
Microsoft Visual Studio Solution File, Format Version 12.00
# Visual Studio Version 16
VisualStudioVersion = 16.0.31729.503
MinimumVisualStudioVersion = 10.0.40219.1
Project("{9A19103F-16F7-4668-BE54-9A1E7A4F7556}") = "futebol2022", "futebol2022\futebol2022.csproj", "{AFBCBCEC-EA6D-4C93-8F68-F3DE666FB6AF}"
EndProject
Global
	GlobalSection(SolutionConfigurationPlatforms) = preSolution
		Debug|Any CPU = Debug|Any CPU
		Release|Any CPU = Release|Any CPU
	EndGlobalSection
	GlobalSection(ProjectConfigurationPlatforms) = postSolution
		{AFBCBCEC-EA6D-4C93-8F68-F3DE666FB6AF}.Debug|Any CPU.ActiveCfg = Debug|Any CPU
		{AFBCBCEC-EA6D-4C93-8F68-F3DE666FB6AF}.Debug|Any CPU.Build.0 = Debug|Any CPU
		{AFBCBCEC-EA6D-4C93-8F68-F3DE666FB6AF}.Release|Any CPU.ActiveCfg = Release|Any CPU
		{AFBCBCEC-EA6D-4C93-8F68-F3DE666FB6AF}.Release|Any CPU.Build.0 = Release|Any CPU
	EndGlobalSection
	GlobalSection(SolutionProperties) = preSolution
		HideSolutionNode = FALSE
	EndGlobalSection
	GlobalSection(ExtensibilityGlobals) = postSolution
		SolutionGuid = {487E5BB4-F27B-4CD7-B010-ECE0836FF59F}
	EndGlobalSection
EndGlobal
